{
    "name": "portfolio",
    "version": "1.0.0",
    "lockfileVersion": 2,
    "requires": true,
    "packages": {
        "": {
            "name": "portfolio",
            "version": "1.0.0",
            "license": "ISC",
            "dependencies": {
                "animejs": "^3.2.1",
                "smooth-scrollbar": "^8.7.4"
            }
        },
        "node_modules/animejs": {
            "version": "3.2.1",
            "resolved": "https://registry.npmjs.org/animejs/-/animejs-3.2.1.tgz",
            "integrity": "sha512-sWno3ugFryK5nhiDm/2BKeFCpZv7vzerWUcUPyAZLDhMek3+S/p418ldZJbJXo5ZUOpfm2kP2XRO4NJcULMy9A=="
        },
        "node_modules/core-js": {
            "version": "3.22.8",
            "resolved": "https://registry.npmjs.org/core-js/-/core-js-3.22.8.tgz",
            "integrity": "sha512-UoGQ/cfzGYIuiq6Z7vWL1HfkE9U9IZ4Ub+0XSiJTCzvbZzgPA69oDF2f+lgJ6dFFLEdjW5O6svvoKzXX23xFkA==",
            "hasInstallScript": true,
            "funding": {
                "type": "opencollective",
                "url": "https://opencollective.com/core-js"
            }
        },
        "node_modules/lodash-es": {
            "version": "4.17.21",
            "resolved": "https://registry.npmjs.org/lodash-es/-/lodash-es-4.17.21.tgz",
            "integrity": "sha512-mKnC+QJ9pWVzv+C4/U3rRsHapFfHvQFoFB92e52xeyGMcX6/OlIl78je1u8vePzYZSkkogMPJ2yjxxsb89cxyw=="
        },
        "node_modules/smooth-scrollbar": {
            "version": "8.7.4",
            "resolved": "https://registry.npmjs.org/smooth-scrollbar/-/smooth-scrollbar-8.7.4.tgz",
            "integrity": "sha512-BSqZJExXoGbl9FGA4ci33DNmlHFRvDxJk4Q8OXmYykRLa1Hzg2YiV5slVogMd1UsxzNf6m0nralT8GdanKWoYw==",
            "dependencies": {
                "core-js": "^3.6.4",
                "lodash-es": "^4.17.21",
                "tslib": "^1.10.0"
            }
        },
        "node_modules/tslib": {
            "version": "1.14.1",
            "resolved": "https://registry.npmjs.org/tslib/-/tslib-1.14.1.tgz",
            "integrity": "sha512-Xni35NKzjgMrwevysHTCArtLDpPvye8zV/0E4EyYn43P7/7qvQwPh9BGkHewbMulVntbigmcT7rdX3BNo9wRJg=="
        }
    },
    "dependencies": {
        "animejs": {
            "version": "3.2.1",
            "resolved": "https://registry.npmjs.org/animejs/-/animejs-3.2.1.tgz",
            "integrity": "sha512-sWno3ugFryK5nhiDm/2BKeFCpZv7vzerWUcUPyAZLDhMek3+S/p418ldZJbJXo5ZUOpfm2kP2XRO4NJcULMy9A=="
        },
        "core-js": {
            "version": "3.22.8",
            "resolved": "https://registry.npmjs.org/core-js/-/core-js-3.22.8.tgz",
            "integrity": "sha512-UoGQ/cfzGYIuiq6Z7vWL1HfkE9U9IZ4Ub+0XSiJTCzvbZzgPA69oDF2f+lgJ6dFFLEdjW5O6svvoKzXX23xFkA=="
        },
        "lodash-es": {
            "version": "4.17.21",
            "resolved": "https://registry.npmjs.org/lodash-es/-/lodash-es-4.17.21.tgz",
            "integrity": "sha512-mKnC+QJ9pWVzv+C4/U3rRsHapFfHvQFoFB92e52xeyGMcX6/OlIl78je1u8vePzYZSkkogMPJ2yjxxsb89cxyw=="
        },
        "smooth-scrollbar": {
            "version": "8.7.4",
            "resolved": "https://registry.npmjs.org/smooth-scrollbar/-/smooth-scrollbar-8.7.4.tgz",
            "integrity": "sha512-BSqZJExXoGbl9FGA4ci33DNmlHFRvDxJk4Q8OXmYykRLa1Hzg2YiV5slVogMd1UsxzNf6m0nralT8GdanKWoYw==",
            "requires": {
                "core-js": "^3.6.4",
                "lodash-es": "^4.17.21",
                "tslib": "^1.10.0"
            }
        },
        "tslib": {
            "version": "1.14.1",
            "resolved": "https://registry.npmjs.org/tslib/-/tslib-1.14.1.tgz",
            "integrity": "sha512-Xni35NKzjgMrwevysHTCArtLDpPvye8zV/0E4EyYn43P7/7qvQwPh9BGkHewbMulVntbigmcT7rdX3BNo9wRJg=="
        }
    }
}
